// !$*UTF8*$!
{
	archiveVersion = 1;
	classes = {
	};
	objectVersion = 46;
	objects = {

/* Begin PBXBuildFile section */
		DE7A2AF618E561CD003E2191 /* Foundation.framework in Frameworks */ = {isa = PBXBuildFile; fileRef = DE7A2AF518E561CD003E2191 /* Foundation.framework */; };
		DE7A2AF818E561CD003E2191 /* CoreGraphics.framework in Frameworks */ = {isa = PBXBuildFile; fileRef = DE7A2AF718E561CD003E2191 /* CoreGraphics.framework */; };
		DE7A2AFA18E561CD003E2191 /* UIKit.framework in Frameworks */ = {isa = PBXBuildFile; fileRef = DE7A2AF918E561CD003E2191 /* UIKit.framework */; };
		DE7A2B0018E561CD003E2191 /* InfoPlist.strings in Resources */ = {isa = PBXBuildFile; fileRef = DE7A2AFE18E561CD003E2191 /* InfoPlist.strings */; };
		DE7A2B0218E561CD003E2191 /* main.m in Sources */ = {isa = PBXBuildFile; fileRef = DE7A2B0118E561CD003E2191 /* main.m */; };
		DE7A2B0618E561CD003E2191 /* UIStatusColorAppDelegate.m in Sources */ = {isa = PBXBuildFile; fileRef = DE7A2B0518E561CD003E2191 /* UIStatusColorAppDelegate.m */; };
		DE7A2B0918E561CD003E2191 /* Main.storyboard in Resources */ = {isa = PBXBuildFile; fileRef = DE7A2B0718E561CD003E2191 /* Main.storyboard */; };
		DE7A2B0C18E561CD003E2191 /* UIStatusColorViewController.m in Sources */ = {isa = PBXBuildFile; fileRef = DE7A2B0B18E561CD003E2191 /* UIStatusColorViewController.m */; };
		DE7A2B0E18E561CD003E2191 /* Images.xcassets in Resources */ = {isa = PBXBuildFile; fileRef = DE7A2B0D18E561CD003E2191 /* Images.xcassets */; };
		DE7A2B1518E561CD003E2191 /* XCTest.framework in Frameworks */ = {isa = PBXBuildFile; fileRef = DE7A2B1418E561CD003E2191 /* XCTest.framework */; };
		DE7A2B1618E561CD003E2191 /* Foundation.framework in Frameworks */ = {isa = PBXBuildFile; fileRef = DE7A2AF518E561CD003E2191 /* Foundation.framework */; };
		DE7A2B1718E561CD003E2191 /* UIKit.framework in Frameworks */ = {isa = PBXBuildFile; fileRef = DE7A2AF918E561CD003E2191 /* UIKit.framework */; };
		DE7A2B1F18E561CD003E2191 /* InfoPlist.strings in Resources */ = {isa = PBXBuildFile; fileRef = DE7A2B1D18E561CD003E2191 /* InfoPlist.strings */; };
		DE7A2B2118E561CD003E2191 /* UIStatusColorTests.m in Sources */ = {isa = PBXBuildFile; fileRef = DE7A2B2018E561CD003E2191 /* UIStatusColorTests.m */; };
		DE7A2B2C18E563DB003E2191 /* SecondViewController.m in Sources */ = {isa = PBXBuildFile; fileRef = DE7A2B2B18E563DB003E2191 /* SecondViewController.m */; };
/* End PBXBuildFile section */

/* Begin PBXContainerItemProxy section */
		DE7A2B1818E561CD003E2191 /* PBXContainerItemProxy */ = {
			isa = PBXContainerItemProxy;
			containerPortal = DE7A2AEA18E561CD003E2191 /* Project object */;
			proxyType = 1;
			remoteGlobalIDString = DE7A2AF118E561CD003E2191;
			remoteInfo = UIStatusColor;
		};
/* End PBXContainerItemProxy section */

/* Begin PBXFileReference section */
		DE7A2AF218E561CD003E2191 /* UIStatusColor.app */ = {isa = PBXFileReference; explicitFileType = wrapper.application; includeInIndex = 0; path = UIStatusColor.app; sourceTree = BUILT_PRODUCTS_DIR; };
		DE7A2AF518E561CD003E2191 /* Foundation.framework */ = {isa = PBXFileReference; lastKnownFileType = wrapper.framework; name = Foundation.framework; path = System/Library/Frameworks/Foundation.framework; sourceTree = SDKROOT; };
		DE7A2AF718E561CD003E2191 /* CoreGraphics.framework */ = {isa = PBXFileReference; lastKnownFileType = wrapper.framework; name = CoreGraphics.framework; path = System/Library/Frameworks/CoreGraphics.framework; sourceTree = SDKROOT; };
		DE7A2AF918E561CD003E2191 /* UIKit.framework */ = {isa = PBXFileReference; lastKnownFileType = wrapper.framework; name = UIKit.framework; path = System/Library/Frameworks/UIKit.framework; sourceTree = SDKROOT; };
		DE7A2AFD18E561CD003E2191 /* UIStatusColor-Info.plist */ = {isa = PBXFileReference; lastKnownFileType = text.plist.xml; path = "UIStatusColor-Info.plist"; sourceTree = "<group>"; };
		DE7A2AFF18E561CD003E2191 /* en */ = {isa = PBXFileReference; lastKnownFileType = text.plist.strings; name = en; path = en.lproj/InfoPlist.strings; sourceTree = "<group>"; };
		DE7A2B0118E561CD003E2191 /* main.m */ = {isa = PBXFileReference; lastKnownFileType = sourcecode.c.objc; path = main.m; sourceTree = "<group>"; };
		DE7A2B0318E561CD003E2191 /* UIStatusColor-Prefix.pch */ = {isa = PBXFileReference; lastKnownFileType = sourcecode.c.h; path = "UIStatusColor-Prefix.pch"; sourceTree = "<group>"; };
		DE7A2B0418E561CD003E2191 /* UIStatusColorAppDelegate.h */ = {isa = PBXFileReference; lastKnownFileType = sourcecode.c.h; path = UIStatusColorAppDelegate.h; sourceTree = "<group>"; };
		DE7A2B0518E561CD003E2191 /* UIStatusColorAppDelegate.m */ = {isa = PBXFileReference; lastKnownFileType = sourcecode.c.objc; path = UIStatusColorAppDelegate.m; sourceTree = "<group>"; };
		DE7A2B0818E561CD003E2191 /* Base */ = {isa = PBXFileReference; lastKnownFileType = file.storyboard; name = Base; path = Base.lproj/Main.storyboard; sourceTree = "<group>"; };
		DE7A2B0A18E561CD003E2191 /* UIStatusColorViewController.h */ = {isa = PBXFileReference; lastKnownFileType = sourcecode.c.h; path = UIStatusColorViewController.h; sourceTree = "<group>"; };
		DE7A2B0B18E561CD003E2191 /* UIStatusColorViewController.m */ = {isa = PBXFileReference; lastKnownFileType = sourcecode.c.objc; path = UIStatusColorViewController.m; sourceTree = "<group>"; };
		DE7A2B0D18E561CD003E2191 /* Images.xcassets */ = {isa = PBXFileReference; lastKnownFileType = folder.assetcatalog; path = Images.xcassets; sourceTree = "<group>"; };
		DE7A2B1318E561CD003E2191 /* UIStatusColorTests.xctest */ = {isa = PBXFileReference; explicitFileType = wrapper.cfbundle; includeInIndex = 0; path = UIStatusColorTests.xctest; sourceTree = BUILT_PRODUCTS_DIR; };
		DE7A2B1418E561CD003E2191 /* XCTest.framework */ = {isa = PBXFileReference; lastKnownFileType = wrapper.framework; name = XCTest.framework; path = Library/Frameworks/XCTest.framework; sourceTree = DEVELOPER_DIR; };
		DE7A2B1C18E561CD003E2191 /* UIStatusColorTests-Info.plist */ = {isa = PBXFileReference; lastKnownFileType = text.plist.xml; path = "UIStatusColorTests-Info.plist"; sourceTree = "<group>"; };
		DE7A2B1E18E561CD003E2191 /* en */ = {isa = PBXFileReference; lastKnownFileType = text.plist.strings; name = en; path = en.lproj/InfoPlist.strings; sourceTree = "<group>"; };
		DE7A2B2018E561CD003E2191 /* UIStatusColorTests.m */ = {isa = PBXFileReference; lastKnownFileType = sourcecode.c.objc; path = UIStatusColorTests.m; sourceTree = "<group>"; };
		DE7A2B2A18E563DB003E2191 /* SecondViewController.h */ = {isa = PBXFileReference; fileEncoding = 4; lastKnownFileType = sourcecode.c.h; path = SecondViewController.h; sourceTree = "<group>"; };
		DE7A2B2B18E563DB003E2191 /* SecondViewController.m */ = {isa = PBXFileReference; fileEncoding = 4; lastKnownFileType = sourcecode.c.objc; path = SecondViewController.m; sourceTree = "<group>"; };
/* End PBXFileReference section */

/* Begin PBXFrameworksBuildPhase section */
		DE7A2AEF18E561CD003E2191 /* Frameworks */ = {
			isa = PBXFrameworksBuildPhase;
			buildActionMask = 2147483647;
			files = (
				DE7A2AF818E561CD003E2191 /* CoreGraphics.framework in Frameworks */,
				DE7A2AFA18E561CD003E2191 /* UIKit.framework in Frameworks */,
				DE7A2AF618E561CD003E2191 /* Foundation.framework in Frameworks */,
			);
			runOnlyForDeploymentPostprocessing = 0;
		};
		DE7A2B1018E561CD003E2191 /* Frameworks */ = {
			isa = PBXFrameworksBuildPhase;
			buildActionMask = 2147483647;
			files = (
				DE7A2B1518E561CD003E2191 /* XCTest.framework in Frameworks */,
				DE7A2B1718E561CD003E2191 /* UIKit.framework in Frameworks */,
				DE7A2B1618E561CD003E2191 /* Foundation.framework in Frameworks */,
			);
			runOnlyForDeploymentPostprocessing = 0;
		};
/* End PBXFrameworksBuildPhase section */

/* Begin PBXGroup section */
		DE7A2AE918E561CD003E2191 = {
			isa = PBXGroup;
			children = (
				DE7A2AFB18E561CD003E2191 /* UIStatusColor */,
				DE7A2B1A18E561CD003E2191 /* UIStatusColorTests */,
				DE7A2AF418E561CD003E2191 /* Frameworks */,
				DE7A2AF318E561CD003E2191 /* Products */,
			);
			sourceTree = "<group>";
		};
		DE7A2AF318E561CD003E2191 /* Products */ = {
			isa = PBXGroup;
			children = (
				DE7A2AF218E561CD003E2191 /* UIStatusColor.app */,
				DE7A2B1318E561CD003E2191 /* UIStatusColorTests.xctest */,
			);
			name = Products;
			sourceTree = "<group>";
		};
		DE7A2AF418E561CD003E2191 /* Frameworks */ = {
			isa = PBXGroup;
			children = (
				DE7A2AF518E561CD003E2191 /* Foundation.framework */,
				DE7A2AF718E561CD003E2191 /* CoreGraphics.framework */,
				DE7A2AF918E561CD003E2191 /* UIKit.framework */,
				DE7A2B1418E561CD003E2191 /* XCTest.framework */,
			);
			name = Frameworks;
			sourceTree = "<group>";
		};
		DE7A2AFB18E561CD003E2191 /* UIStatusColor */ = {
			isa = PBXGroup;
			children = (
				DE7A2B0418E561CD003E2191 /* UIStatusColorAppDelegate.h */,
				DE7A2B0518E561CD003E2191 /* UIStatusColorAppDelegate.m */,
				DE7A2B0718E561CD003E2191 /* Main.storyboard */,
				DE7A2B0A18E561CD003E2191 /* UIStatusColorViewController.h */,
				DE7A2B0B18E561CD003E2191 /* UIStatusColorViewController.m */,
				DE7A2B0D18E561CD003E2191 /* Images.xcassets */,
				DE7A2B2A18E563DB003E2191 /* SecondViewController.h */,
				DE7A2B2B18E563DB003E2191 /* SecondViewController.m */,
				DE7A2AFC18E561CD003E2191 /* Supporting Files */,
			);
			path = UIStatusColor;
			sourceTree = "<group>";
		};
		DE7A2AFC18E561CD003E2191 /* Supporting Files */ = {
			isa = PBXGroup;
			children = (
				DE7A2AFD18E561CD003E2191 /* UIStatusColor-Info.plist */,
				DE7A2AFE18E561CD003E2191 /* InfoPlist.strings */,
				DE7A2B0118E561CD003E2191 /* main.m */,
				DE7A2B0318E561CD003E2191 /* UIStatusColor-Prefix.pch */,
			);
			name = "Supporting Files";
			sourceTree = "<group>";
		};
		DE7A2B1A18E561CD003E2191 /* UIStatusColorTests */ = {
			isa = PBXGroup;
			children = (
				DE7A2B2018E561CD003E2191 /* UIStatusColorTests.m */,
				DE7A2B1B18E561CD003E2191 /* Supporting Files */,
			);
			path = UIStatusColorTests;
			sourceTree = "<group>";
		};
		DE7A2B1B18E561CD003E2191 /* Supporting Files */ = {
			isa = PBXGroup;
			children = (
				DE7A2B1C18E561CD003E2191 /* UIStatusColorTests-Info.plist */,
				DE7A2B1D18E561CD003E2191 /* InfoPlist.strings */,
			);
			name = "Supporting Files";
			sourceTree = "<group>";
		};
/* End PBXGroup section */

/* Begin PBXNativeTarget section */
		DE7A2AF118E561CD003E2191 /* UIStatusColor */ = {
			isa = PBXNativeTarget;
			buildConfigurationList = DE7A2B2418E561CD003E2191 /* Build configuration list for PBXNativeTarget "UIStatusColor" */;
			buildPhases = (
				DE7A2AEE18E561CD003E2191 /* Sources */,
				DE7A2AEF18E561CD003E2191 /* Frameworks */,
				DE7A2AF018E561CD003E2191 /* Resources */,
			);
			buildRules = (
			);
			dependencies = (
			);
			name = UIStatusColor;
			productName = UIStatusColor;
			productReference = DE7A2AF218E561CD003E2191 /* UIStatusColor.app */;
			productType = "com.apple.product-type.application";
		};
		DE7A2B1218E561CD003E2191 /* UIStatusColorTests */ = {
			isa = PBXNativeTarget;
			buildConfigurationList = DE7A2B2718E561CD003E2191 /* Build configuration list for PBXNativeTarget "UIStatusColorTests" */;
			buildPhases = (
				DE7A2B0F18E561CD003E2191 /* Sources */,
				DE7A2B1018E561CD003E2191 /* Frameworks */,
				DE7A2B1118E561CD003E2191 /* Resources */,
			);
			buildRules = (
			);
			dependencies = (
				DE7A2B1918E561CD003E2191 /* PBXTargetDependency */,
			);
			name = UIStatusColorTests;
			productName = UIStatusColorTests;
			productReference = DE7A2B1318E561CD003E2191 /* UIStatusColorTests.xctest */;
			productType = "com.apple.product-type.bundle.unit-test";
		};
/* End PBXNativeTarget section */

/* Begin PBXProject section */
		DE7A2AEA18E561CD003E2191 /* Project object */ = {
			isa = PBXProject;
			attributes = {
				CLASSPREFIX = UIStatusColor;
				LastUpgradeCheck = 0510;
				ORGANIZATIONNAME = KimJiWook;
				TargetAttributes = {
					DE7A2B1218E561CD003E2191 = {
						TestTargetID = DE7A2AF118E561CD003E2191;
					};
				};
			};
			buildConfigurationList = DE7A2AED18E561CD003E2191 /* Build configuration list for PBXProject "UIStatusColor" */;
			compatibilityVersion = "Xcode 3.2";
			developmentRegion = English;
			hasScannedForEncodings = 0;
			knownRegions = (
				en,
				Base,
			);
			mainGroup = DE7A2AE918E561CD003E2191;
			productRefGroup = DE7A2AF318E561CD003E2191 /* Products */;
			projectDirPath = "";
			projectRoot = "";
			targets = (
				DE7A2AF118E561CD003E2191 /* UIStatusColor */,
				DE7A2B1218E561CD003E2191 /* UIStatusColorTests */,
			);
		};
/* End PBXProject section */

/* Begin PBXResourcesBuildPhase section */
		DE7A2AF018E561CD003E2191 /* Resources */ = {
			isa = PBXResourcesBuildPhase;
			buildActionMask = 2147483647;
			files = (
				DE7A2B0E18E561CD003E2191 /* Images.xcassets in Resources */,
				DE7A2B0018E561CD003E2191 /* InfoPlist.strings in Resources */,
				DE7A2B0918E561CD003E2191 /* Main.storyboard in Resources */,
			);
			runOnlyForDeploymentPostprocessing = 0;
		};
		DE7A2B1118E561CD003E2191 /* Resources */ = {
			isa = PBXResourcesBuildPhase;
			buildActionMask = 2147483647;
			files = (
				DE7A2B1F18E561CD003E2191 /* InfoPlist.strings in Resources */,
			);
			runOnlyForDeploymentPostprocessing = 0;
		};
/* End PBXResourcesBuildPhase section */

/* Begin PBXSourcesBuildPhase section */
		DE7A2AEE18E561CD003E2191 /* Sources */ = {
			isa = PBXSourcesBuildPhase;
			buildActionMask = 2147483647;
			files = (
				DE7A2B2C18E563DB003E2191 /* SecondViewController.m in Sources */,
				DE7A2B0618E561CD003E2191 /* UIStatusColorAppDelegate.m in Sources */,
				DE7A2B0218E561CD003E2191 /* main.m in Sources */,
				DE7A2B0C18E561CD003E2191 /* UIStatusColorViewController.m in Sources */,
			);
			runOnlyForDeploymentPostprocessing = 0;
		};
		DE7A2B0F18E561CD003E2191 /* Sources */ = {
			isa = PBXSourcesBuildPhase;
			buildActionMask = 2147483647;
			files = (
				DE7A2B2118E561CD003E2191 /* UIStatusColorTests.m in Sources */,
			);
			runOnlyForDeploymentPostprocessing = 0;
		};
/* End PBXSourcesBuildPhase section */

/* Begin PBXTargetDependency section */
		DE7A2B1918E561CD003E2191 /* PBXTargetDependency */ = {
			isa = PBXTargetDependency;
			target = DE7A2AF118E561CD003E2191 /* UIStatusColor */;
			targetProxy = DE7A2B1818E561CD003E2191 /* PBXContainerItemProxy */;
		};
/* End PBXTargetDependency section */

/* Begin PBXVariantGroup section */
		DE7A2AFE18E561CD003E2191 /* InfoPlist.strings */ = {
			isa = PBXVariantGroup;
			children = (
				DE7A2AFF18E561CD003E2191 /* en */,
			);
			name = InfoPlist.strings;
			sourceTree = "<group>";
		};
		DE7A2B0718E561CD003E2191 /* Main.storyboard */ = {
			isa = PBXVariantGroup;
			children = (
				DE7A2B0818E561CD003E2191 /* Base */,
			);
			name = Main.storyboard;
			sourceTree = "<group>";
		};
		DE7A2B1D18E561CD003E2191 /* InfoPlist.strings */ = {
			isa = PBXVariantGroup;
			children = (
				DE7A2B1E18E561CD003E2191 /* en */,
			);
			name = InfoPlist.strings;
			sourceTree = "<group>";
		};
/* End PBXVariantGroup section */

/* Begin XCBuildConfiguration section */
		DE7A2B2218E561CD003E2191 /* Debug */ = {
			isa = XCBuildConfiguration;
			buildSettings = {
				ALWAYS_SEARCH_USER_PATHS = NO;
				CLANG_CXX_LANGUAGE_STANDARD = "gnu++0x";
				CLANG_CXX_LIBRARY = "libc++";
				CLANG_ENABLE_MODULES = YES;
				CLANG_ENABLE_OBJC_ARC = YES;
				CLANG_WARN_BOOL_CONVERSION = YES;
				CLANG_WARN_CONSTANT_CONVERSION = YES;
				CLANG_WARN_DIRECT_OBJC_ISA_USAGE = YES_ERROR;
				CLANG_WARN_EMPTY_BODY = YES;
				CLANG_WARN_ENUM_CONVERSION = YES;
				CLANG_WARN_INT_CONVERSION = YES;
				CLANG_WARN_OBJC_ROOT_CLASS = YES_ERROR;
				CLANG_WARN__DUPLICATE_METHOD_MATCH = YES;
				"CODE_SIGN_IDENTITY[sdk=iphoneos*]" = "iPhone Developer";
				COPY_PHASE_STRIP = NO;
				GCC_C_LANGUAGE_STANDARD = gnu99;
				GCC_DYNAMIC_NO_PIC = NO;
				GCC_OPTIMIZATION_LEVEL = 0;
				GCC_PREPROCESSOR_DEFINITIONS = (
					"DEBUG=1",
					"$(inherited)",
				);
				GCC_SYMBOLS_PRIVATE_EXTERN = NO;
				GCC_WARN_64_TO_32_BIT_CONVERSION = YES;
				GCC_WARN_ABOUT_RETURN_TYPE = YES_ERROR;
				GCC_WARN_UNDECLARED_SELECTOR = YES;
				GCC_WARN_UNINITIALIZED_AUTOS = YES_AGGRESSIVE;
				GCC_WARN_UNUSED_FUNCTION = YES;
				GCC_WARN_UNUSED_VARIABLE = YES;
				IPHONEOS_DEPLOYMENT_TARGET = 7.1;
				ONLY_ACTIVE_ARCH = YES;
				SDKROOT = iphoneos;
			};
			name = Debug;
		};
		DE7A2B2318E561CD003E2191 /* Release */ = {
			isa = XCBuildConfiguration;
			buildSettings = {
				ALWAYS_SEARCH_USER_PATHS = NO;
				CLANG_CXX_LANGUAGE_STANDARD = "gnu++0x";
				CLANG_CXX_LIBRARY = "libc++";
				CLANG_ENABLE_MODULES = YES;
				CLANG_ENABLE_OBJC_ARC = YES;
				CLANG_WARN_BOOL_CONVERSION = YES;
				CLANG_WARN_CONSTANT_CONVERSION = YES;
				CLANG_WARN_DIRECT_OBJC_ISA_USAGE = YES_ERROR;
				CLANG_WARN_EMPTY_BODY = YES;
				CLANG_WARN_ENUM_CONVERSION = YES;
				CLANG_WARN_INT_CONVERSION = YES;
				CLANG_WARN_OBJC_ROOT_CLASS = YES_ERROR;
				CLANG_WARN__DUPLICATE_METHOD_MATCH = YES;
				"CODE_SIGN_IDENTITY[sdk=iphoneos*]" = "iPhone Developer";
				COPY_PHASE_STRIP = YES;
				ENABLE_NS_ASSERTIONS = NO;
				GCC_C_LANGUAGE_STANDARD = gnu99;
				GCC_WARN_64_TO_32_BIT_CONVERSION = YES;
				GCC_WARN_ABOUT_RETURN_TYPE = YES_ERROR;
				GCC_WARN_UNDECLARED_SELECTOR = YES;
				GCC_WARN_UNINITIALIZED_AUTOS = YES_AGGRESSIVE;
				GCC_WARN_UNUSED_FUNCTION = YES;
				GCC_WARN_UNUSED_VARIABLE = YES;
				IPHONEOS_DEPLOYMENT_TARGET = 7.1;
				SDKROOT = iphoneos;
				VALIDATE_PRODUCT = YES;
			};
			name = Release;
		};
		DE7A2B2518E561CD003E2191 /* Debug */ = {
			isa = XCBuildConfiguration;
			buildSettings = {
				ASSETCATALOG_COMPILER_APPICON_NAME = AppIcon;
				ASSETCATALOG_COMPILER_LAUNCHIMAGE_NAME = LaunchImage;
				GCC_PRECOMPILE_PREFIX_HEADER = YES;
				GCC_PREFIX_HEADER = "UIStatusColor/UIStatusColor-Prefix.pch";
				INFOPLIST_FILE = "UIStatusColor/UIStatusColor-Info.plist";
				PRODUCT_NAME = "$(TARGET_NAME)";
				WRAPPER_EXTENSION = app;
			};
			name = Debug;
		};
		DE7A2B2618E561CD003E2191 /* Release */ = {
			isa = XCBuildConfiguration;
			buildSettings = {
				ASSETCATALOG_COMPILER_APPICON_NAME = AppIcon;
				ASSETCATALOG_COMPILER_LAUNCHIMAGE_NAME = LaunchImage;
				GCC_PRECOMPILE_PREFIX_HEADER = YES;
				GCC_PREFIX_HEADER = "UIStatusColor/UIStatusColor-Prefix.pch";
				INFOPLIST_FILE = "UIStatusColor/UIStatusColor-Info.plist";
				PRODUCT_NAME = "$(TARGET_NAME)";
				WRAPPER_EXTENSION = app;
			};
			name = Release;
		};
		DE7A2B2818E561CD003E2191 /* Debug */ = {
			isa = XCBuildConfiguration;
			buildSettings = {
				BUNDLE_LOADER = "$(BUILT_PRODUCTS_DIR)/UIStatusColor.app/UIStatusColor";
				FRAMEWORK_SEARCH_PATHS = (
					"$(SDKROOT)/Developer/Library/Frameworks",
					"$(inherited)",
					"$(DEVELOPER_FRAMEWORKS_DIR)",
				);
				GCC_PRECOMPILE_PREFIX_HEADER = YES;
				GCC_PREFIX_HEADER = "UIStatusColor/UIStatusColor-Prefix.pch";
				GCC_PREPROCESSOR_DEFINITIONS = (
					"DEBUG=1",
					"$(inherited)",
				);
				INFOPLIST_FILE = "UIStatusColorTests/UIStatusColorTests-Info.plist";
				PRODUCT_NAME = "$(TARGET_NAME)";
				TEST_HOST = "$(BUNDLE_LOADER)";
				WRAPPER_EXTENSION = xctest;
			};
			name = Debug;
		};
		DE7A2B2918E561CD003E2191 /* Release */ = {
			isa = XCBuildConfiguration;
			buildSettings = {
				BUNDLE_LOADER = "$(BUILT_PRODUCTS_DIR)/UIStatusColor.app/UIStatusColor";
				FRAMEWORK_SEARCH_PATHS = (
					"$(SDKROOT)/Developer/Library/Frameworks",
					"$(inherited)",
					"$(DEVELOPER_FRAMEWORKS_DIR)",
				);
				GCC_PRECOMPILE_PREFIX_HEADER = YES;
				GCC_PREFIX_HEADER = "UIStatusColor/UIStatusColor-Prefix.pch";
				INFOPLIST_FILE = "UIStatusColorTests/UIStatusColorTests-Info.plist";
				PRODUCT_NAME = "$(TARGET_NAME)";
				TEST_HOST = "$(BUNDLE_LOADER)";
				WRAPPER_EXTENSION = xctest;
			};
			name = Release;
		};
/* End XCBuildConfiguration section */

/* Begin XCConfigurationList section */
		DE7A2AED18E561CD003E2191 /* Build configuration list for PBXProject "UIStatusColor" */ = {
			isa = XCConfigurationList;
			buildConfigurations = (
				DE7A2B2218E561CD003E2191 /* Debug */,
				DE7A2B2318E561CD003E2191 /* Release */,
			);
			defaultConfigurationIsVisible = 0;
			defaultConfigurationName = Release;
		};
		DE7A2B2418E561CD003E2191 /* Build configuration list for PBXNativeTarget "UIStatusColor" */ = {
			isa = XCConfigurationList;
			buildConfigurations = (
				DE7A2B2518E561CD003E2191 /* Debug */,
				DE7A2B2618E561CD003E2191 /* Release */,
			);
			defaultConfigurationIsVisible = 0;
		};
		DE7A2B2718E561CD003E2191 /* Build configuration list for PBXNativeTarget "UIStatusColorTests" */ = {
			isa = XCConfigurationList;
			buildConfigurations = (
				DE7A2B2818E561CD003E2191 /* Debug */,
				DE7A2B2918E561CD003E2191 /* Release */,
			);
			defaultConfigurationIsVisible = 0;
		};
/* End XCConfigurationList section */
	};
	rootObject = DE7A2AEA18E561CD003E2191 /* Project object */;
}
